
Microsoft Visual Studio Solution File, Format Version 12.00
# Visual Studio 14
VisualStudioVersion = 14.0.25420.1
MinimumVisualStudioVersion = 10.0.40219.1
Project("{FAE04EC0-301F-11D3-BF4B-00C04F79EFBC}") = "DesignPattern.Adapter", "DesignPattern.Adapter\DesignPattern.Adapter.csproj", "{36311164-2C2A-473C-9FF4-76CC194A4355}"
EndProject
Project("{FAE04EC0-301F-11D3-BF4B-00C04F79EFBC}") = "DesignPattern.Test", "DesignPattern.Test\DesignPattern.Test.csproj", "{A2B4180E-77E2-40CC-84D2-33209A80F497}"
EndProject
Global
	GlobalSection(SolutionConfigurationPlatforms) = preSolution
		Debug|Any CPU = Debug|Any CPU
		Release|Any CPU = Release|Any CPU
	EndGlobalSection
	GlobalSection(ProjectConfigurationPlatforms) = postSolution
		{36311164-2C2A-473C-9FF4-76CC194A4355}.Debug|Any CPU.ActiveCfg = Debug|Any CPU
		{36311164-2C2A-473C-9FF4-76CC194A4355}.Debug|Any CPU.Build.0 = Debug|Any CPU
		{36311164-2C2A-473C-9FF4-76CC194A4355}.Release|Any CPU.ActiveCfg = Release|Any CPU
		{36311164-2C2A-473C-9FF4-76CC194A4355}.Release|Any CPU.Build.0 = Release|Any CPU
		{A2B4180E-77E2-40CC-84D2-33209A80F497}.Debug|Any CPU.ActiveCfg = Debug|Any CPU
		{A2B4180E-77E2-40CC-84D2-33209A80F497}.Debug|Any CPU.Build.0 = Debug|Any CPU
		{A2B4180E-77E2-40CC-84D2-33209A80F497}.Release|Any CPU.ActiveCfg = Release|Any CPU
		{A2B4180E-77E2-40CC-84D2-33209A80F497}.Release|Any CPU.Build.0 = Release|Any CPU
	EndGlobalSection
	GlobalSection(SolutionProperties) = preSolution
		HideSolutionNode = FALSE
	EndGlobalSection
EndGlobal
